
Microsoft Visual Studio Solution File, Format Version 12.00
# Visual Studio Version 17
VisualStudioVersion = 17.8.34316.72
MinimumVisualStudioVersion = 10.0.40219.1
Project("{9A19103F-16F7-4668-BE54-9A1E7A4F7556}") = "Fojatek", "Fojatek\Fojatek.csproj", "{DA3C6F9F-65F2-4FA8-9735-1D2D9DF47D73}"
EndProject
Global
	GlobalSection(SolutionConfigurationPlatforms) = preSolution
		Debug|Any CPU = Debug|Any CPU
		Release|Any CPU = Release|Any CPU
	EndGlobalSection
	GlobalSection(ProjectConfigurationPlatforms) = postSolution
		{DA3C6F9F-65F2-4FA8-9735-1D2D9DF47D73}.Debug|Any CPU.ActiveCfg = Debug|Any CPU
		{DA3C6F9F-65F2-4FA8-9735-1D2D9DF47D73}.Debug|Any CPU.Build.0 = Debug|Any CPU
		{DA3C6F9F-65F2-4FA8-9735-1D2D9DF47D73}.Release|Any CPU.ActiveCfg = Release|Any CPU
		{DA3C6F9F-65F2-4FA8-9735-1D2D9DF47D73}.Release|Any CPU.Build.0 = Release|Any CPU
	EndGlobalSection
	GlobalSection(SolutionProperties) = preSolution
		HideSolutionNode = FALSE
	EndGlobalSection
	GlobalSection(ExtensibilityGlobals) = postSolution
		SolutionGuid = {6636A72C-1F1F-49C1-83AB-559012CDBD32}
	EndGlobalSection
EndGlobal
